
Microsoft Visual Studio Solution File, Format Version 12.00
# Visual Studio Version 17
VisualStudioVersion = 17.2.32616.157
MinimumVisualStudioVersion = 10.0.40219.1
Project("{FAE04EC0-301F-11D3-BF4B-00C04F79EFBC}") = "tekrarlar", "tekrarlar.csproj", "{8A48FBC7-035C-4D3A-BD25-5B9BE249341A}"
EndProject
Global
	GlobalSection(SolutionConfigurationPlatforms) = preSolution
		Debug|Any CPU = Debug|Any CPU
		Release|Any CPU = Release|Any CPU
	EndGlobalSection
	GlobalSection(ProjectConfigurationPlatforms) = postSolution
		{8A48FBC7-035C-4D3A-BD25-5B9BE249341A}.Debug|Any CPU.ActiveCfg = Debug|Any CPU
		{8A48FBC7-035C-4D3A-BD25-5B9BE249341A}.Debug|Any CPU.Build.0 = Debug|Any CPU
		{8A48FBC7-035C-4D3A-BD25-5B9BE249341A}.Release|Any CPU.ActiveCfg = Release|Any CPU
		{8A48FBC7-035C-4D3A-BD25-5B9BE249341A}.Release|Any CPU.Build.0 = Release|Any CPU
	EndGlobalSection
	GlobalSection(SolutionProperties) = preSolution
		HideSolutionNode = FALSE
	EndGlobalSection
	GlobalSection(ExtensibilityGlobals) = postSolution
		SolutionGuid = {0519B996-E25C-49CA-9D95-6BAC61A70140}
	EndGlobalSection
EndGlobal
